
Microsoft Visual Studio Solution File, Format Version 12.00
# Visual Studio Version 17
VisualStudioVersion = 17.11.35327.3
MinimumVisualStudioVersion = 10.0.40219.1
Project("{FAE04EC0-301F-11D3-BF4B-00C04F79EFBC}") = "WindowsFormsApp1", "WindowsFormsApp1\WindowsFormsApp1.csproj", "{0DA262BF-FAD3-4DCF-A7E1-7E15D9816820}"
EndProject
Global
	GlobalSection(SolutionConfigurationPlatforms) = preSolution
		Debug|Any CPU = Debug|Any CPU
		Release|Any CPU = Release|Any CPU
	EndGlobalSection
	GlobalSection(ProjectConfigurationPlatforms) = postSolution
		{0DA262BF-FAD3-4DCF-A7E1-7E15D9816820}.Debug|Any CPU.ActiveCfg = Debug|Any CPU
		{0DA262BF-FAD3-4DCF-A7E1-7E15D9816820}.Debug|Any CPU.Build.0 = Debug|Any CPU
		{0DA262BF-FAD3-4DCF-A7E1-7E15D9816820}.Release|Any CPU.ActiveCfg = Release|Any CPU
		{0DA262BF-FAD3-4DCF-A7E1-7E15D9816820}.Release|Any CPU.Build.0 = Release|Any CPU
	EndGlobalSection
	GlobalSection(SolutionProperties) = preSolution
		HideSolutionNode = FALSE
	EndGlobalSection
	GlobalSection(ExtensibilityGlobals) = postSolution
		SolutionGuid = {EFBE413E-4266-4AC7-B375-C58FBEF06773}
	EndGlobalSection
EndGlobal
